# THIS IS AN AUTOGENERATED FILE. DO NOT EDIT THIS FILE DIRECTLY.
# yarn lockfile v1


"@feathers-weapp/client@^0.1.2":
  version "0.1.2"
  resolved "https://registry.npm.taobao.org/@feathers-weapp/client/download/@feathers-weapp/client-0.1.2.tgz#ab1450a820cfc720df987b780c8a6e93ef26b52a"
  integrity sha1-qxRQqCDPxyDfmHt4DIpuk+8mtSo=
