# THIS IS AN AUTOGENERATED FILE. DO NOT EDIT THIS FILE DIRECTLY.
# yarn lockfile v1


"@feathers-weapp/client@^0.1.4":
  version "0.1.4"
  resolved "https://registry.npm.taobao.org/@feathers-weapp/client/download/@feathers-weapp/client-0.1.4.tgz#1120b117fd727fd6073c66307fa42b6e5258b00d"
  integrity sha1-ESCxF/1yf9YHPGYwf6QrblJYsA0=
